[root]
name = "dictcc-cli"
version = "0.1.0"
dependencies = [
 "gcc 0.3.54",
 "libc 0.2.34",
 "pkg-config 0.3.9",
 "sqlite 0.23.9",
 "sqlite3-src 0.2.7",
 "sqlite3-sys 0.12.0",
]

[[package]]
name = "gcc"
version = "0.3.54"

[[package]]
name = "gcc"
version = "0.3.54"
source = "registry+https://github.com/rust-lang/crates.io-index"
replace = "gcc 0.3.54"

[[package]]
name = "libc"
version = "0.2.34"

[[package]]
name = "libc"
version = "0.2.34"
source = "registry+https://github.com/rust-lang/crates.io-index"
replace = "libc 0.2.34"

[[package]]
name = "pkg-config"
version = "0.3.9"

[[package]]
name = "pkg-config"
version = "0.3.9"
source = "registry+https://github.com/rust-lang/crates.io-index"
replace = "pkg-config 0.3.9"

[[package]]
name = "sqlite"
version = "0.23.9"
dependencies = [
 "libc 0.2.34 (registry+https://github.com/rust-lang/crates.io-index)",
 "sqlite3-sys 0.12.0 (registry+https://github.com/rust-lang/crates.io-index)",
]

[[package]]
name = "sqlite3-src"
version = "0.2.7"
dependencies = [
 "gcc 0.3.54 (registry+https://github.com/rust-lang/crates.io-index)",
 "pkg-config 0.3.9 (registry+https://github.com/rust-lang/crates.io-index)",
]

[[package]]
name = "sqlite3-src"
version = "0.2.7"
source = "registry+https://github.com/rust-lang/crates.io-index"
replace = "sqlite3-src 0.2.7"

[[package]]
name = "sqlite3-sys"
version = "0.12.0"
dependencies = [
 "libc 0.2.34 (registry+https://github.com/rust-lang/crates.io-index)",
 "sqlite3-src 0.2.7 (registry+https://github.com/rust-lang/crates.io-index)",
]

[[package]]
name = "sqlite3-sys"
version = "0.12.0"
source = "registry+https://github.com/rust-lang/crates.io-index"
replace = "sqlite3-sys 0.12.0"

[metadata]
"checksum gcc 0.3.54 (registry+https://github.com/rust-lang/crates.io-index)" = "5e33ec290da0d127825013597dbdfc28bee4964690c7ce1166cbc2a7bd08b1bb"
"checksum libc 0.2.34 (registry+https://github.com/rust-lang/crates.io-index)" = "36fbc8a8929c632868295d0178dd8f63fc423fd7537ad0738372bd010b3ac9b0"
"checksum pkg-config 0.3.9 (registry+https://github.com/rust-lang/crates.io-index)" = "3a8b4c6b8165cd1a1cd4b9b120978131389f64bdaf456435caa41e630edba903"
"checksum sqlite3-src 0.2.7 (registry+https://github.com/rust-lang/crates.io-index)" = "967684cb9bbfad8e76d8805c634affda15e51350922fbfad62f06ca4db93c4c6"
"checksum sqlite3-sys 0.12.0 (registry+https://github.com/rust-lang/crates.io-index)" = "71fec807a1534bd13eeaaec396175d67c79bdc68df55e18a452726ec62a8fb08"
